
Microsoft Visual Studio Solution File, Format Version 12.00
# Visual Studio Version 16
VisualStudioVersion = 16.0.810.4
MinimumVisualStudioVersion = 10.0.40219.1
Project("{FAE04EC0-301F-11D3-BF4B-00C04F79EFBC}") = "pruebaMVC", "pruebaMVC\pruebaMVC.csproj", "{EA3EF808-DF23-4B7B-874C-0E7A6046C00A}"
EndProject
Global
	GlobalSection(SolutionConfigurationPlatforms) = preSolution
		Debug|Any CPU = Debug|Any CPU
		Release|Any CPU = Release|Any CPU
	EndGlobalSection
	GlobalSection(ProjectConfigurationPlatforms) = postSolution
		{EA3EF808-DF23-4B7B-874C-0E7A6046C00A}.Debug|Any CPU.ActiveCfg = Debug|Any CPU
		{EA3EF808-DF23-4B7B-874C-0E7A6046C00A}.Debug|Any CPU.Build.0 = Debug|Any CPU
		{EA3EF808-DF23-4B7B-874C-0E7A6046C00A}.Release|Any CPU.ActiveCfg = Release|Any CPU
		{EA3EF808-DF23-4B7B-874C-0E7A6046C00A}.Release|Any CPU.Build.0 = Release|Any CPU
	EndGlobalSection
	GlobalSection(SolutionProperties) = preSolution
		HideSolutionNode = FALSE
	EndGlobalSection
	GlobalSection(ExtensibilityGlobals) = postSolution
		SolutionGuid = {B4499E59-D446-4F37-8B17-A74814E36EE6}
	EndGlobalSection
EndGlobal
